
Microsoft Visual Studio Solution File, Format Version 12.00
# Visual Studio Version 17
VisualStudioVersion = 17.3.32825.248
MinimumVisualStudioVersion = 10.0.40219.1
Project("{FAE04EC0-301F-11D3-BF4B-00C04F79EFBC}") = "SqlAppAzureDB", "SqlAppAzureDB\SqlAppAzureDB.csproj", "{48B09D1B-B0DC-43FE-90B9-6E2084D1D5DC}"
EndProject
Project("{FAE04EC0-301F-11D3-BF4B-00C04F79EFBC}") = "SqlAppAzureDB.Data", "SqlAppAzureDB.Data\SqlAppAzureDB.Data.csproj", "{61386F69-F053-487F-B9A0-2131B48333B7}"
EndProject
Global
	GlobalSection(SolutionConfigurationPlatforms) = preSolution
		Debug|Any CPU = Debug|Any CPU
		Release|Any CPU = Release|Any CPU
	EndGlobalSection
	GlobalSection(ProjectConfigurationPlatforms) = postSolution
		{48B09D1B-B0DC-43FE-90B9-6E2084D1D5DC}.Debug|Any CPU.ActiveCfg = Debug|Any CPU
		{48B09D1B-B0DC-43FE-90B9-6E2084D1D5DC}.Debug|Any CPU.Build.0 = Debug|Any CPU
		{48B09D1B-B0DC-43FE-90B9-6E2084D1D5DC}.Release|Any CPU.ActiveCfg = Release|Any CPU
		{48B09D1B-B0DC-43FE-90B9-6E2084D1D5DC}.Release|Any CPU.Build.0 = Release|Any CPU
		{61386F69-F053-487F-B9A0-2131B48333B7}.Debug|Any CPU.ActiveCfg = Debug|Any CPU
		{61386F69-F053-487F-B9A0-2131B48333B7}.Debug|Any CPU.Build.0 = Debug|Any CPU
		{61386F69-F053-487F-B9A0-2131B48333B7}.Release|Any CPU.ActiveCfg = Release|Any CPU
		{61386F69-F053-487F-B9A0-2131B48333B7}.Release|Any CPU.Build.0 = Release|Any CPU
	EndGlobalSection
	GlobalSection(SolutionProperties) = preSolution
		HideSolutionNode = FALSE
	EndGlobalSection
	GlobalSection(ExtensibilityGlobals) = postSolution
		SolutionGuid = {00755E77-5CBE-4E71-B1D4-1F9F42B6C1C6}
	EndGlobalSection
EndGlobal
